
Microsoft Visual Studio Solution File, Format Version 12.00
Project("{FAE04EC0-301F-11D3-BF4B-00C04F79EFBC}") = "ConsoleApp7", "ConsoleApp7\ConsoleApp7.csproj", "{217B30EC-D639-4624-81B3-DB4AA4F578A0}"
EndProject
Project("{FAE04EC0-301F-11D3-BF4B-00C04F79EFBC}") = "ConsoleApp7.Tests", "ConsoleApp7.Tests\ConsoleApp7.Tests.csproj", "{DAFACA8A-7FBB-43C5-AF58-15CA92006C4F}"
EndProject
Global
	GlobalSection(SolutionConfigurationPlatforms) = preSolution
		Debug|Any CPU = Debug|Any CPU
		Release|Any CPU = Release|Any CPU
	EndGlobalSection
	GlobalSection(ProjectConfigurationPlatforms) = postSolution
		{217B30EC-D639-4624-81B3-DB4AA4F578A0}.Debug|Any CPU.ActiveCfg = Debug|Any CPU
		{217B30EC-D639-4624-81B3-DB4AA4F578A0}.Debug|Any CPU.Build.0 = Debug|Any CPU
		{217B30EC-D639-4624-81B3-DB4AA4F578A0}.Release|Any CPU.ActiveCfg = Release|Any CPU
		{217B30EC-D639-4624-81B3-DB4AA4F578A0}.Release|Any CPU.Build.0 = Release|Any CPU
		{DAFACA8A-7FBB-43C5-AF58-15CA92006C4F}.Debug|Any CPU.ActiveCfg = Debug|Any CPU
		{DAFACA8A-7FBB-43C5-AF58-15CA92006C4F}.Debug|Any CPU.Build.0 = Debug|Any CPU
		{DAFACA8A-7FBB-43C5-AF58-15CA92006C4F}.Release|Any CPU.ActiveCfg = Release|Any CPU
		{DAFACA8A-7FBB-43C5-AF58-15CA92006C4F}.Release|Any CPU.Build.0 = Release|Any CPU
	EndGlobalSection
EndGlobal
